
Microsoft Visual Studio Solution File, Format Version 12.00
# Visual Studio Version 17
VisualStudioVersion = 17.4.33213.308
MinimumVisualStudioVersion = 10.0.40219.1
Project("{9A19103F-16F7-4668-BE54-9A1E7A4F7556}") = "WebAPI", "WebAPI\WebAPI.csproj", "{87B661E0-19FB-41DD-A571-9C93CB3BB377}"
EndProject
Project("{2150E333-8FDC-42A3-9474-1A3956D46DE8}") = "src", "src", "{1E50132C-9F28-43F8-B536-FA5F287A0257}"
EndProject
Project("{2150E333-8FDC-42A3-9474-1A3956D46DE8}") = "Core", "Core", "{5300133B-1A5C-4875-B242-21B45B4681E5}"
EndProject
Project("{2150E333-8FDC-42A3-9474-1A3956D46DE8}") = "Infraestructure", "Infraestructure", "{F83EC2F7-56E7-4F84-98BD-422EFBB2ACC3}"
EndProject
Project("{2150E333-8FDC-42A3-9474-1A3956D46DE8}") = "Presentacion", "Presentacion", "{CD7A63C6-B1B7-4282-8637-2A2FD8DF3041}"
EndProject
Project("{9A19103F-16F7-4668-BE54-9A1E7A4F7556}") = "Application", "Application\Application.csproj", "{5D77412D-4777-42EA-8BEF-B7C51F28C06A}"
EndProject
Project("{9A19103F-16F7-4668-BE54-9A1E7A4F7556}") = "Domain", "Domain\Domain.csproj", "{8CAE3042-C3F8-4424-896E-193A1ADE6EAC}"
EndProject
Project("{9A19103F-16F7-4668-BE54-9A1E7A4F7556}") = "Persitence", "Persitence\Persitence.csproj", "{1794BC1E-2421-460F-A7AF-C992E8FAA446}"
EndProject
Project("{9A19103F-16F7-4668-BE54-9A1E7A4F7556}") = "Shared", "Shared\Shared.csproj", "{5BDDE26E-29A1-409D-B17E-C7133BD99370}"
EndProject
Project("{2150E333-8FDC-42A3-9474-1A3956D46DE8}") = "Solution Items", "Solution Items", "{92B065E6-B392-4E30-86F8-AEE8279772D7}"
	ProjectSection(SolutionItems) = preProject
		.editorconfig = .editorconfig
	EndProjectSection
EndProject
Project("{9A19103F-16F7-4668-BE54-9A1E7A4F7556}") = "Identity", "Identity\Identity.csproj", "{2639A6AC-12B4-46C0-B05C-822B64C5B868}"
EndProject
Project("{2150E333-8FDC-42A3-9474-1A3956D46DE8}") = "Testing", "Testing", "{241023E0-19BB-414F-BF55-77B9810B6B23}"
EndProject
Project("{FAE04EC0-301F-11D3-BF4B-00C04F79EFBC}") = "WebApiTest", "WebApiTest\WebApiTest.csproj", "{16ACA431-B16B-4D71-852A-C64E0490CFB7}"
EndProject
Global
	GlobalSection(SolutionConfigurationPlatforms) = preSolution
		Debug|Any CPU = Debug|Any CPU
		Release|Any CPU = Release|Any CPU
	EndGlobalSection
	GlobalSection(ProjectConfigurationPlatforms) = postSolution
		{87B661E0-19FB-41DD-A571-9C93CB3BB377}.Debug|Any CPU.ActiveCfg = Debug|Any CPU
		{87B661E0-19FB-41DD-A571-9C93CB3BB377}.Debug|Any CPU.Build.0 = Debug|Any CPU
		{87B661E0-19FB-41DD-A571-9C93CB3BB377}.Release|Any CPU.ActiveCfg = Release|Any CPU
		{87B661E0-19FB-41DD-A571-9C93CB3BB377}.Release|Any CPU.Build.0 = Release|Any CPU
		{5D77412D-4777-42EA-8BEF-B7C51F28C06A}.Debug|Any CPU.ActiveCfg = Debug|Any CPU
		{5D77412D-4777-42EA-8BEF-B7C51F28C06A}.Debug|Any CPU.Build.0 = Debug|Any CPU
		{5D77412D-4777-42EA-8BEF-B7C51F28C06A}.Release|Any CPU.ActiveCfg = Release|Any CPU
		{5D77412D-4777-42EA-8BEF-B7C51F28C06A}.Release|Any CPU.Build.0 = Release|Any CPU
		{8CAE3042-C3F8-4424-896E-193A1ADE6EAC}.Debug|Any CPU.ActiveCfg = Debug|Any CPU
		{8CAE3042-C3F8-4424-896E-193A1ADE6EAC}.Debug|Any CPU.Build.0 = Debug|Any CPU
		{8CAE3042-C3F8-4424-896E-193A1ADE6EAC}.Release|Any CPU.ActiveCfg = Release|Any CPU
		{8CAE3042-C3F8-4424-896E-193A1ADE6EAC}.Release|Any CPU.Build.0 = Release|Any CPU
		{1794BC1E-2421-460F-A7AF-C992E8FAA446}.Debug|Any CPU.ActiveCfg = Debug|Any CPU
		{1794BC1E-2421-460F-A7AF-C992E8FAA446}.Debug|Any CPU.Build.0 = Debug|Any CPU
		{1794BC1E-2421-460F-A7AF-C992E8FAA446}.Release|Any CPU.ActiveCfg = Release|Any CPU
		{1794BC1E-2421-460F-A7AF-C992E8FAA446}.Release|Any CPU.Build.0 = Release|Any CPU
		{5BDDE26E-29A1-409D-B17E-C7133BD99370}.Debug|Any CPU.ActiveCfg = Debug|Any CPU
		{5BDDE26E-29A1-409D-B17E-C7133BD99370}.Debug|Any CPU.Build.0 = Debug|Any CPU
		{5BDDE26E-29A1-409D-B17E-C7133BD99370}.Release|Any CPU.ActiveCfg = Release|Any CPU
		{5BDDE26E-29A1-409D-B17E-C7133BD99370}.Release|Any CPU.Build.0 = Release|Any CPU
		{2639A6AC-12B4-46C0-B05C-822B64C5B868}.Debug|Any CPU.ActiveCfg = Debug|Any CPU
		{2639A6AC-12B4-46C0-B05C-822B64C5B868}.Debug|Any CPU.Build.0 = Debug|Any CPU
		{2639A6AC-12B4-46C0-B05C-822B64C5B868}.Release|Any CPU.ActiveCfg = Release|Any CPU
		{2639A6AC-12B4-46C0-B05C-822B64C5B868}.Release|Any CPU.Build.0 = Release|Any CPU
		{16ACA431-B16B-4D71-852A-C64E0490CFB7}.Debug|Any CPU.ActiveCfg = Debug|Any CPU
		{16ACA431-B16B-4D71-852A-C64E0490CFB7}.Debug|Any CPU.Build.0 = Debug|Any CPU
		{16ACA431-B16B-4D71-852A-C64E0490CFB7}.Release|Any CPU.ActiveCfg = Release|Any CPU
		{16ACA431-B16B-4D71-852A-C64E0490CFB7}.Release|Any CPU.Build.0 = Release|Any CPU
	EndGlobalSection
	GlobalSection(SolutionProperties) = preSolution
		HideSolutionNode = FALSE
	EndGlobalSection
	GlobalSection(NestedProjects) = preSolution
		{87B661E0-19FB-41DD-A571-9C93CB3BB377} = {CD7A63C6-B1B7-4282-8637-2A2FD8DF3041}
		{5300133B-1A5C-4875-B242-21B45B4681E5} = {1E50132C-9F28-43F8-B536-FA5F287A0257}
		{F83EC2F7-56E7-4F84-98BD-422EFBB2ACC3} = {1E50132C-9F28-43F8-B536-FA5F287A0257}
		{CD7A63C6-B1B7-4282-8637-2A2FD8DF3041} = {1E50132C-9F28-43F8-B536-FA5F287A0257}
		{5D77412D-4777-42EA-8BEF-B7C51F28C06A} = {5300133B-1A5C-4875-B242-21B45B4681E5}
		{8CAE3042-C3F8-4424-896E-193A1ADE6EAC} = {5300133B-1A5C-4875-B242-21B45B4681E5}
		{1794BC1E-2421-460F-A7AF-C992E8FAA446} = {F83EC2F7-56E7-4F84-98BD-422EFBB2ACC3}
		{5BDDE26E-29A1-409D-B17E-C7133BD99370} = {F83EC2F7-56E7-4F84-98BD-422EFBB2ACC3}
		{2639A6AC-12B4-46C0-B05C-822B64C5B868} = {F83EC2F7-56E7-4F84-98BD-422EFBB2ACC3}
		{16ACA431-B16B-4D71-852A-C64E0490CFB7} = {241023E0-19BB-414F-BF55-77B9810B6B23}
	EndGlobalSection
	GlobalSection(ExtensibilityGlobals) = postSolution
		SolutionGuid = {2DBED1DD-8E9B-47CD-8519-CB8DDF560E7A}
	EndGlobalSection
EndGlobal
